// !$*UTF8*$!
{
	archiveVersion = 1;
	classes = {
	};
	objectVersion = 51;
	objects = {

/* Begin PBXBuildFile section */
		44570D55481818D98972D46E /* Pods_ownMin.framework in Frameworks */ = {isa = PBXBuildFile; fileRef = 3ECDE26FBDD78F7549829F8B /* Pods_ownMin.framework */; };
		D39613B124591CC0008A7042 /* Constants.swift in Sources */ = {isa = PBXBuildFile; fileRef = D39613B024591CC0008A7042 /* Constants.swift */; };
		D39613B324591CC5008A7042 /* Utilities.swift in Sources */ = {isa = PBXBuildFile; fileRef = D39613B224591CC5008A7042 /* Utilities.swift */; };
		D39613B5245924D4008A7042 /* GoogleService-Info.plist in Resources */ = {isa = PBXBuildFile; fileRef = D39613B4245924D4008A7042 /* GoogleService-Info.plist */; };
		D3AC8DD72459069400B9A124 /* AppDelegate.swift in Sources */ = {isa = PBXBuildFile; fileRef = D3AC8DD62459069400B9A124 /* AppDelegate.swift */; };
		D3AC8DD92459069400B9A124 /* SceneDelegate.swift in Sources */ = {isa = PBXBuildFile; fileRef = D3AC8DD82459069400B9A124 /* SceneDelegate.swift */; };
		D3AC8DDB2459069400B9A124 /* ViewController.swift in Sources */ = {isa = PBXBuildFile; fileRef = D3AC8DDA2459069400B9A124 /* ViewController.swift */; };
		D3AC8DDE2459069400B9A124 /* Main.storyboard in Resources */ = {isa = PBXBuildFile; fileRef = D3AC8DDC2459069400B9A124 /* Main.storyboard */; };
		D3AC8DE02459069500B9A124 /* Assets.xcassets in Resources */ = {isa = PBXBuildFile; fileRef = D3AC8DDF2459069500B9A124 /* Assets.xcassets */; };
		D3AC8DE32459069500B9A124 /* LaunchScreen.storyboard in Resources */ = {isa = PBXBuildFile; fileRef = D3AC8DE12459069500B9A124 /* LaunchScreen.storyboard */; };
		D3AC8DEC2459085500B9A124 /* SignUpViewController.swift in Sources */ = {isa = PBXBuildFile; fileRef = D3AC8DEB2459085500B9A124 /* SignUpViewController.swift */; };
		D3AC8DEE2459086200B9A124 /* LoginViewController.swift in Sources */ = {isa = PBXBuildFile; fileRef = D3AC8DED2459086200B9A124 /* LoginViewController.swift */; };
		D3AC8DF02459086B00B9A124 /* HomeViewController.swift in Sources */ = {isa = PBXBuildFile; fileRef = D3AC8DEF2459086B00B9A124 /* HomeViewController.swift */; };
		D3D4D3DB245B6638004E6D46 /* TableCell.swift in Sources */ = {isa = PBXBuildFile; fileRef = D3D4D3DA245B6638004E6D46 /* TableCell.swift */; };
		D3E4A2BB245BAD7700441D93 /* MainTabBarController.swift in Sources */ = {isa = PBXBuildFile; fileRef = D3E4A2BA245BAD7700441D93 /* MainTabBarController.swift */; };
		D3FF1A29245D0D3000817E15 /* AddToClosetCollectionViewCell.swift in Sources */ = {isa = PBXBuildFile; fileRef = D3FF1A28245D0D3000817E15 /* AddToClosetCollectionViewCell.swift */; };
/* End PBXBuildFile section */

/* Begin PBXFileReference section */
		3ECDE26FBDD78F7549829F8B /* Pods_ownMin.framework */ = {isa = PBXFileReference; explicitFileType = wrapper.framework; includeInIndex = 0; path = Pods_ownMin.framework; sourceTree = BUILT_PRODUCTS_DIR; };
		5145A85FE4E1952AB0AE9A34 /* Pods-ownMin.release.xcconfig */ = {isa = PBXFileReference; includeInIndex = 1; lastKnownFileType = text.xcconfig; name = "Pods-ownMin.release.xcconfig"; path = "Target Support Files/Pods-ownMin/Pods-ownMin.release.xcconfig"; sourceTree = "<group>"; };
		96487AA20A32D135D7AEA477 /* Pods-ownMin.debug.xcconfig */ = {isa = PBXFileReference; includeInIndex = 1; lastKnownFileType = text.xcconfig; name = "Pods-ownMin.debug.xcconfig"; path = "Target Support Files/Pods-ownMin/Pods-ownMin.debug.xcconfig"; sourceTree = "<group>"; };
		D39613B024591CC0008A7042 /* Constants.swift */ = {isa = PBXFileReference; fileEncoding = 4; lastKnownFileType = sourcecode.swift; path = Constants.swift; sourceTree = "<group>"; };
		D39613B224591CC5008A7042 /* Utilities.swift */ = {isa = PBXFileReference; fileEncoding = 4; lastKnownFileType = sourcecode.swift; path = Utilities.swift; sourceTree = "<group>"; };
		D39613B4245924D4008A7042 /* GoogleService-Info.plist */ = {isa = PBXFileReference; fileEncoding = 4; lastKnownFileType = text.plist.xml; path = "GoogleService-Info.plist"; sourceTree = "<group>"; };
		D3AC8DD32459069400B9A124 /* ownMin.app */ = {isa = PBXFileReference; explicitFileType = wrapper.application; includeInIndex = 0; path = ownMin.app; sourceTree = BUILT_PRODUCTS_DIR; };
		D3AC8DD62459069400B9A124 /* AppDelegate.swift */ = {isa = PBXFileReference; lastKnownFileType = sourcecode.swift; path = AppDelegate.swift; sourceTree = "<group>"; };
		D3AC8DD82459069400B9A124 /* SceneDelegate.swift */ = {isa = PBXFileReference; lastKnownFileType = sourcecode.swift; path = SceneDelegate.swift; sourceTree = "<group>"; };
		D3AC8DDA2459069400B9A124 /* ViewController.swift */ = {isa = PBXFileReference; lastKnownFileType = sourcecode.swift; path = ViewController.swift; sourceTree = "<group>"; };
		D3AC8DDD2459069400B9A124 /* Base */ = {isa = PBXFileReference; lastKnownFileType = file.storyboard; name = Base; path = Base.lproj/Main.storyboard; sourceTree = "<group>"; };
		D3AC8DDF2459069500B9A124 /* Assets.xcassets */ = {isa = PBXFileReference; lastKnownFileType = folder.assetcatalog; path = Assets.xcassets; sourceTree = "<group>"; };
		D3AC8DE22459069500B9A124 /* Base */ = {isa = PBXFileReference; lastKnownFileType = file.storyboard; name = Base; path = Base.lproj/LaunchScreen.storyboard; sourceTree = "<group>"; };
		D3AC8DE42459069500B9A124 /* Info.plist */ = {isa = PBXFileReference; lastKnownFileType = text.plist.xml; path = Info.plist; sourceTree = "<group>"; };
		D3AC8DEB2459085500B9A124 /* SignUpViewController.swift */ = {isa = PBXFileReference; lastKnownFileType = sourcecode.swift; path = SignUpViewController.swift; sourceTree = "<group>"; };
		D3AC8DED2459086200B9A124 /* LoginViewController.swift */ = {isa = PBXFileReference; lastKnownFileType = sourcecode.swift; path = LoginViewController.swift; sourceTree = "<group>"; };
		D3AC8DEF2459086B00B9A124 /* HomeViewController.swift */ = {isa = PBXFileReference; lastKnownFileType = sourcecode.swift; path = HomeViewController.swift; sourceTree = "<group>"; };
		D3D4D3DA245B6638004E6D46 /* TableCell.swift */ = {isa = PBXFileReference; lastKnownFileType = sourcecode.swift; path = TableCell.swift; sourceTree = "<group>"; };
		D3E4A2BA245BAD7700441D93 /* MainTabBarController.swift */ = {isa = PBXFileReference; lastKnownFileType = sourcecode.swift; path = MainTabBarController.swift; sourceTree = "<group>"; };
		D3FF1A28245D0D3000817E15 /* AddToClosetCollectionViewCell.swift */ = {isa = PBXFileReference; lastKnownFileType = sourcecode.swift; path = AddToClosetCollectionViewCell.swift; sourceTree = "<group>"; };
/* End PBXFileReference section */

/* Begin PBXFrameworksBuildPhase section */
		D3AC8DD02459069400B9A124 /* Frameworks */ = {
			isa = PBXFrameworksBuildPhase;
			buildActionMask = 2147483647;
			files = (
				44570D55481818D98972D46E /* Pods_ownMin.framework in Frameworks */,
			);
			runOnlyForDeploymentPostprocessing = 0;
		};
/* End PBXFrameworksBuildPhase section */

/* Begin PBXGroup section */
		C5AC6E80F866C723FE20F159 /* Frameworks */ = {
			isa = PBXGroup;
			children = (
				3ECDE26FBDD78F7549829F8B /* Pods_ownMin.framework */,
			);
			name = Frameworks;
			sourceTree = "<group>";
		};
		D39613AF24591C5E008A7042 /* Helpers */ = {
			isa = PBXGroup;
			children = (
				D39613B024591CC0008A7042 /* Constants.swift */,
				D39613B224591CC5008A7042 /* Utilities.swift */,
			);
			path = Helpers;
			sourceTree = "<group>";
		};
		D3AC8DCA2459069400B9A124 = {
			isa = PBXGroup;
			children = (
				D3AC8DD52459069400B9A124 /* ownMin */,
				D3AC8DD42459069400B9A124 /* Products */,
				F8575B1EAA2E9263F1BF1919 /* Pods */,
				C5AC6E80F866C723FE20F159 /* Frameworks */,
			);
			sourceTree = "<group>";
		};
		D3AC8DD42459069400B9A124 /* Products */ = {
			isa = PBXGroup;
			children = (
				D3AC8DD32459069400B9A124 /* ownMin.app */,
			);
			name = Products;
			sourceTree = "<group>";
		};
		D3AC8DD52459069400B9A124 /* ownMin */ = {
			isa = PBXGroup;
			children = (
				D39613AF24591C5E008A7042 /* Helpers */,
				D3AC8DEA2459080000B9A124 /* View Controllers */,
				D3AC8DD62459069400B9A124 /* AppDelegate.swift */,
				D3AC8DD82459069400B9A124 /* SceneDelegate.swift */,
				D3AC8DDC2459069400B9A124 /* Main.storyboard */,
				D3AC8DDF2459069500B9A124 /* Assets.xcassets */,
				D3AC8DE12459069500B9A124 /* LaunchScreen.storyboard */,
				D39613B4245924D4008A7042 /* GoogleService-Info.plist */,
				D3AC8DE42459069500B9A124 /* Info.plist */,
			);
			path = ownMin;
			sourceTree = "<group>";
		};
		D3AC8DEA2459080000B9A124 /* View Controllers */ = {
			isa = PBXGroup;
			children = (
				D3AC8DDA2459069400B9A124 /* ViewController.swift */,
				D3AC8DEB2459085500B9A124 /* SignUpViewController.swift */,
				D3AC8DED2459086200B9A124 /* LoginViewController.swift */,
				D3AC8DEF2459086B00B9A124 /* HomeViewController.swift */,
				D3D4D3DA245B6638004E6D46 /* TableCell.swift */,
				D3E4A2BA245BAD7700441D93 /* MainTabBarController.swift */,
				D3FF1A28245D0D3000817E15 /* AddToClosetCollectionViewCell.swift */,
			);
			path = "View Controllers";
			sourceTree = "<group>";
		};
		F8575B1EAA2E9263F1BF1919 /* Pods */ = {
			isa = PBXGroup;
			children = (
				96487AA20A32D135D7AEA477 /* Pods-ownMin.debug.xcconfig */,
				5145A85FE4E1952AB0AE9A34 /* Pods-ownMin.release.xcconfig */,
			);
			path = Pods;
			sourceTree = "<group>";
		};
/* End PBXGroup section */

/* Begin PBXNativeTarget section */
		D3AC8DD22459069400B9A124 /* ownMin */ = {
			isa = PBXNativeTarget;
			buildConfigurationList = D3AC8DE72459069500B9A124 /* Build configuration list for PBXNativeTarget "ownMin" */;
			buildPhases = (
				C062B9D8E850C4B50919EBE8 /* [CP] Check Pods Manifest.lock */,
				D3AC8DCF2459069400B9A124 /* Sources */,
				D3AC8DD02459069400B9A124 /* Frameworks */,
				D3AC8DD12459069400B9A124 /* Resources */,
				8A59A4352CF9F830BF2D1781 /* [CP] Embed Pods Frameworks */,
			);
			buildRules = (
			);
			dependencies = (
			);
			name = ownMin;
			productName = ownMin;
			productReference = D3AC8DD32459069400B9A124 /* ownMin.app */;
			productType = "com.apple.product-type.application";
		};
/* End PBXNativeTarget section */

/* Begin PBXProject section */
		D3AC8DCB2459069400B9A124 /* Project object */ = {
			isa = PBXProject;
			attributes = {
				LastSwiftUpdateCheck = 1130;
				LastUpgradeCheck = 1130;
				ORGANIZATIONNAME = "Bakulia Kurmant";
				TargetAttributes = {
					D3AC8DD22459069400B9A124 = {
						CreatedOnToolsVersion = 11.3.1;
					};
				};
			};
			buildConfigurationList = D3AC8DCE2459069400B9A124 /* Build configuration list for PBXProject "ownMin" */;
			compatibilityVersion = "Xcode 9.3";
			developmentRegion = en;
			hasScannedForEncodings = 0;
			knownRegions = (
				en,
				Base,
			);
			mainGroup = D3AC8DCA2459069400B9A124;
			productRefGroup = D3AC8DD42459069400B9A124 /* Products */;
			projectDirPath = "";
			projectRoot = "";
			targets = (
				D3AC8DD22459069400B9A124 /* ownMin */,
			);
		};
/* End PBXProject section */

/* Begin PBXResourcesBuildPhase section */
		D3AC8DD12459069400B9A124 /* Resources */ = {
			isa = PBXResourcesBuildPhase;
			buildActionMask = 2147483647;
			files = (
				D3AC8DE32459069500B9A124 /* LaunchScreen.storyboard in Resources */,
				D39613B5245924D4008A7042 /* GoogleService-Info.plist in Resources */,
				D3AC8DE02459069500B9A124 /* Assets.xcassets in Resources */,
				D3AC8DDE2459069400B9A124 /* Main.storyboard in Resources */,
			);
			runOnlyForDeploymentPostprocessing = 0;
		};
/* End PBXResourcesBuildPhase section */

/* Begin PBXShellScriptBuildPhase section */
		8A59A4352CF9F830BF2D1781 /* [CP] Embed Pods Frameworks */ = {
			isa = PBXShellScriptBuildPhase;
			buildActionMask = 2147483647;
			files = (
			);
			inputFileListPaths = (
				"${PODS_ROOT}/Target Support Files/Pods-ownMin/Pods-ownMin-frameworks-${CONFIGURATION}-input-files.xcfilelist",
			);
			name = "[CP] Embed Pods Frameworks";
			outputFileListPaths = (
				"${PODS_ROOT}/Target Support Files/Pods-ownMin/Pods-ownMin-frameworks-${CONFIGURATION}-output-files.xcfilelist",
			);
			runOnlyForDeploymentPostprocessing = 0;
			shellPath = /bin/sh;
			shellScript = "\"${PODS_ROOT}/Target Support Files/Pods-ownMin/Pods-ownMin-frameworks.sh\"\n";
			showEnvVarsInLog = 0;
		};
		C062B9D8E850C4B50919EBE8 /* [CP] Check Pods Manifest.lock */ = {
			isa = PBXShellScriptBuildPhase;
			buildActionMask = 2147483647;
			files = (
			);
			inputFileListPaths = (
			);
			inputPaths = (
				"${PODS_PODFILE_DIR_PATH}/Podfile.lock",
				"${PODS_ROOT}/Manifest.lock",
			);
			name = "[CP] Check Pods Manifest.lock";
			outputFileListPaths = (
			);
			outputPaths = (
				"$(DERIVED_FILE_DIR)/Pods-ownMin-checkManifestLockResult.txt",
			);
			runOnlyForDeploymentPostprocessing = 0;
			shellPath = /bin/sh;
			shellScript = "diff \"${PODS_PODFILE_DIR_PATH}/Podfile.lock\" \"${PODS_ROOT}/Manifest.lock\" > /dev/null\nif [ $? != 0 ] ; then\n    # print error to STDERR\n    echo \"error: The sandbox is not in sync with the Podfile.lock. Run 'pod install' or update your CocoaPods installation.\" >&2\n    exit 1\nfi\n# This output is used by Xcode 'outputs' to avoid re-running this script phase.\necho \"SUCCESS\" > \"${SCRIPT_OUTPUT_FILE_0}\"\n";
			showEnvVarsInLog = 0;
		};
/* End PBXShellScriptBuildPhase section */

/* Begin PBXSourcesBuildPhase section */
		D3AC8DCF2459069400B9A124 /* Sources */ = {
			isa = PBXSourcesBuildPhase;
			buildActionMask = 2147483647;
			files = (
				D3D4D3DB245B6638004E6D46 /* TableCell.swift in Sources */,
				D3AC8DDB2459069400B9A124 /* ViewController.swift in Sources */,
				D3E4A2BB245BAD7700441D93 /* MainTabBarController.swift in Sources */,
				D3AC8DD72459069400B9A124 /* AppDelegate.swift in Sources */,
				D3AC8DEC2459085500B9A124 /* SignUpViewController.swift in Sources */,
				D3AC8DEE2459086200B9A124 /* LoginViewController.swift in Sources */,
				D3FF1A29245D0D3000817E15 /* AddToClosetCollectionViewCell.swift in Sources */,
				D39613B124591CC0008A7042 /* Constants.swift in Sources */,
				D3AC8DD92459069400B9A124 /* SceneDelegate.swift in Sources */,
				D39613B324591CC5008A7042 /* Utilities.swift in Sources */,
				D3AC8DF02459086B00B9A124 /* HomeViewController.swift in Sources */,
			);
			runOnlyForDeploymentPostprocessing = 0;
		};
/* End PBXSourcesBuildPhase section */

/* Begin PBXVariantGroup section */
		D3AC8DDC2459069400B9A124 /* Main.storyboard */ = {
			isa = PBXVariantGroup;
			children = (
				D3AC8DDD2459069400B9A124 /* Base */,
			);
			name = Main.storyboard;
			sourceTree = "<group>";
		};
		D3AC8DE12459069500B9A124 /* LaunchScreen.storyboard */ = {
			isa = PBXVariantGroup;
			children = (
				D3AC8DE22459069500B9A124 /* Base */,
			);
			name = LaunchScreen.storyboard;
			sourceTree = "<group>";
		};
/* End PBXVariantGroup section */

/* Begin XCBuildConfiguration section */
		D3AC8DE52459069500B9A124 /* Debug */ = {
			isa = XCBuildConfiguration;
			buildSettings = {
				ALWAYS_SEARCH_USER_PATHS = NO;
				CLANG_ANALYZER_NONNULL = YES;
				CLANG_ANALYZER_NUMBER_OBJECT_CONVERSION = YES_AGGRESSIVE;
				CLANG_CXX_LANGUAGE_STANDARD = "gnu++14";
				CLANG_CXX_LIBRARY = "libc++";
				CLANG_ENABLE_MODULES = YES;
				CLANG_ENABLE_OBJC_ARC = YES;
				CLANG_ENABLE_OBJC_WEAK = YES;
				CLANG_WARN_BLOCK_CAPTURE_AUTORELEASING = YES;
				CLANG_WARN_BOOL_CONVERSION = YES;
				CLANG_WARN_COMMA = YES;
				CLANG_WARN_CONSTANT_CONVERSION = YES;
				CLANG_WARN_DEPRECATED_OBJC_IMPLEMENTATIONS = YES;
				CLANG_WARN_DIRECT_OBJC_ISA_USAGE = YES_ERROR;
				CLANG_WARN_DOCUMENTATION_COMMENTS = YES;
				CLANG_WARN_EMPTY_BODY = YES;
				CLANG_WARN_ENUM_CONVERSION = YES;
				CLANG_WARN_INFINITE_RECURSION = YES;
				CLANG_WARN_INT_CONVERSION = YES;
				CLANG_WARN_NON_LITERAL_NULL_CONVERSION = YES;
				CLANG_WARN_OBJC_IMPLICIT_RETAIN_SELF = YES;
				CLANG_WARN_OBJC_LITERAL_CONVERSION = YES;
				CLANG_WARN_OBJC_ROOT_CLASS = YES_ERROR;
				CLANG_WARN_RANGE_LOOP_ANALYSIS = YES;
				CLANG_WARN_STRICT_PROTOTYPES = YES;
				CLANG_WARN_SUSPICIOUS_MOVE = YES;
				CLANG_WARN_UNGUARDED_AVAILABILITY = YES_AGGRESSIVE;
				CLANG_WARN_UNREACHABLE_CODE = YES;
				CLANG_WARN__DUPLICATE_METHOD_MATCH = YES;
				COPY_PHASE_STRIP = NO;
				DEBUG_INFORMATION_FORMAT = dwarf;
				ENABLE_STRICT_OBJC_MSGSEND = YES;
				ENABLE_TESTABILITY = YES;
				GCC_C_LANGUAGE_STANDARD = gnu11;
				GCC_DYNAMIC_NO_PIC = NO;
				GCC_NO_COMMON_BLOCKS = YES;
				GCC_OPTIMIZATION_LEVEL = 0;
				GCC_PREPROCESSOR_DEFINITIONS = (
					"DEBUG=1",
					"$(inherited)",
				);
				GCC_WARN_64_TO_32_BIT_CONVERSION = YES;
				GCC_WARN_ABOUT_RETURN_TYPE = YES_ERROR;
				GCC_WARN_UNDECLARED_SELECTOR = YES;
				GCC_WARN_UNINITIALIZED_AUTOS = YES_AGGRESSIVE;
				GCC_WARN_UNUSED_FUNCTION = YES;
				GCC_WARN_UNUSED_VARIABLE = YES;
				IPHONEOS_DEPLOYMENT_TARGET = 13.2;
				MTL_ENABLE_DEBUG_INFO = INCLUDE_SOURCE;
				MTL_FAST_MATH = YES;
				ONLY_ACTIVE_ARCH = YES;
				SDKROOT = iphoneos;
				SWIFT_ACTIVE_COMPILATION_CONDITIONS = DEBUG;
				SWIFT_OPTIMIZATION_LEVEL = "-Onone";
			};
			name = Debug;
		};
		D3AC8DE62459069500B9A124 /* Release */ = {
			isa = XCBuildConfiguration;
			buildSettings = {
				ALWAYS_SEARCH_USER_PATHS = NO;
				CLANG_ANALYZER_NONNULL = YES;
				CLANG_ANALYZER_NUMBER_OBJECT_CONVERSION = YES_AGGRESSIVE;
				CLANG_CXX_LANGUAGE_STANDARD = "gnu++14";
				CLANG_CXX_LIBRARY = "libc++";
				CLANG_ENABLE_MODULES = YES;
				CLANG_ENABLE_OBJC_ARC = YES;
				CLANG_ENABLE_OBJC_WEAK = YES;
				CLANG_WARN_BLOCK_CAPTURE_AUTORELEASING = YES;
				CLANG_WARN_BOOL_CONVERSION = YES;
				CLANG_WARN_COMMA = YES;
				CLANG_WARN_CONSTANT_CONVERSION = YES;
				CLANG_WARN_DEPRECATED_OBJC_IMPLEMENTATIONS = YES;
				CLANG_WARN_DIRECT_OBJC_ISA_USAGE = YES_ERROR;
				CLANG_WARN_DOCUMENTATION_COMMENTS = YES;
				CLANG_WARN_EMPTY_BODY = YES;
				CLANG_WARN_ENUM_CONVERSION = YES;
				CLANG_WARN_INFINITE_RECURSION = YES;
				CLANG_WARN_INT_CONVERSION = YES;
				CLANG_WARN_NON_LITERAL_NULL_CONVERSION = YES;
				CLANG_WARN_OBJC_IMPLICIT_RETAIN_SELF = YES;
				CLANG_WARN_OBJC_LITERAL_CONVERSION = YES;
				CLANG_WARN_OBJC_ROOT_CLASS = YES_ERROR;
				CLANG_WARN_RANGE_LOOP_ANALYSIS = YES;
				CLANG_WARN_STRICT_PROTOTYPES = YES;
				CLANG_WARN_SUSPICIOUS_MOVE = YES;
				CLANG_WARN_UNGUARDED_AVAILABILITY = YES_AGGRESSIVE;
				CLANG_WARN_UNREACHABLE_CODE = YES;
				CLANG_WARN__DUPLICATE_METHOD_MATCH = YES;
				COPY_PHASE_STRIP = NO;
				DEBUG_INFORMATION_FORMAT = "dwarf-with-dsym";
				ENABLE_NS_ASSERTIONS = NO;
				ENABLE_STRICT_OBJC_MSGSEND = YES;
				GCC_C_LANGUAGE_STANDARD = gnu11;
				GCC_NO_COMMON_BLOCKS = YES;
				GCC_WARN_64_TO_32_BIT_CONVERSION = YES;
				GCC_WARN_ABOUT_RETURN_TYPE = YES_ERROR;
				GCC_WARN_UNDECLARED_SELECTOR = YES;
				GCC_WARN_UNINITIALIZED_AUTOS = YES_AGGRESSIVE;
				GCC_WARN_UNUSED_FUNCTION = YES;
				GCC_WARN_UNUSED_VARIABLE = YES;
				IPHONEOS_DEPLOYMENT_TARGET = 13.2;
				MTL_ENABLE_DEBUG_INFO = NO;
				MTL_FAST_MATH = YES;
				SDKROOT = iphoneos;
				SWIFT_COMPILATION_MODE = wholemodule;
				SWIFT_OPTIMIZATION_LEVEL = "-O";
				VALIDATE_PRODUCT = YES;
			};
			name = Release;
		};
		D3AC8DE82459069500B9A124 /* Debug */ = {
			isa = XCBuildConfiguration;
			baseConfigurationReference = 96487AA20A32D135D7AEA477 /* Pods-ownMin.debug.xcconfig */;
			buildSettings = {
				ASSETCATALOG_COMPILER_APPICON_NAME = AppIcon;
				CODE_SIGN_STYLE = Automatic;
				INFOPLIST_FILE = ownMin/Info.plist;
				LD_RUNPATH_SEARCH_PATHS = (
					"$(inherited)",
					"@executable_path/Frameworks",
				);
				PRODUCT_BUNDLE_IDENTIFIER = Bakulia.ownMin;
				PRODUCT_NAME = "$(TARGET_NAME)";
				SWIFT_VERSION = 5.0;
				TARGETED_DEVICE_FAMILY = "1,2";
			};
			name = Debug;
		};
		D3AC8DE92459069500B9A124 /* Release */ = {
			isa = XCBuildConfiguration;
			baseConfigurationReference = 5145A85FE4E1952AB0AE9A34 /* Pods-ownMin.release.xcconfig */;
			buildSettings = {
				ASSETCATALOG_COMPILER_APPICON_NAME = AppIcon;
				CODE_SIGN_STYLE = Automatic;
				INFOPLIST_FILE = ownMin/Info.plist;
				LD_RUNPATH_SEARCH_PATHS = (
					"$(inherited)",
					"@executable_path/Frameworks",
				);
				PRODUCT_BUNDLE_IDENTIFIER = Bakulia.ownMin;
				PRODUCT_NAME = "$(TARGET_NAME)";
				SWIFT_VERSION = 5.0;
				TARGETED_DEVICE_FAMILY = "1,2";
			};
			name = Release;
		};
/* End XCBuildConfiguration section */

/* Begin XCConfigurationList section */
		D3AC8DCE2459069400B9A124 /* Build configuration list for PBXProject "ownMin" */ = {
			isa = XCConfigurationList;
			buildConfigurations = (
				D3AC8DE52459069500B9A124 /* Debug */,
				D3AC8DE62459069500B9A124 /* Release */,
			);
			defaultConfigurationIsVisible = 0;
			defaultConfigurationName = Release;
		};
		D3AC8DE72459069500B9A124 /* Build configuration list for PBXNativeTarget "ownMin" */ = {
			isa = XCConfigurationList;
			buildConfigurations = (
				D3AC8DE82459069500B9A124 /* Debug */,
				D3AC8DE92459069500B9A124 /* Release */,
			);
			defaultConfigurationIsVisible = 0;
			defaultConfigurationName = Release;
		};
/* End XCConfigurationList section */
	};
	rootObject = D3AC8DCB2459069400B9A124 /* Project object */;
}
